
Microsoft Visual Studio Solution File, Format Version 12.00
# Visual Studio Version 16
VisualStudioVersion = 16.0.30804.86
MinimumVisualStudioVersion = 10.0.40219.1
Project("{FAE04EC0-301F-11D3-BF4B-00C04F79EFBC}") = "Hahn.ApplicatonProcess.December2020.Data", "Hahn.ApplicatonProcess.December2020.Data\Hahn.ApplicatonProcess.December2020.Data.csproj", "{FE4B8055-B852-4B8D-944C-66B4CD3BF139}"
EndProject
Project("{FAE04EC0-301F-11D3-BF4B-00C04F79EFBC}") = "Hahn.ApplicatonProcess.December2020.Web", "Hahn.ApplicatonProcess.December2020.Web\Hahn.ApplicatonProcess.December2020.Web.csproj", "{56C46EDC-536B-45E5-BE88-0AA822C284CE}"
EndProject
Project("{FAE04EC0-301F-11D3-BF4B-00C04F79EFBC}") = "Hahn.ApplicatonProcess.December2020.Domain", "Hahn.ApplicatonProcess.December2020.Domain\Hahn.ApplicatonProcess.December2020.Domain.csproj", "{B499E0BC-25C3-4FC0-916A-8A2EAB4DD00B}"
EndProject
Global
	GlobalSection(SolutionConfigurationPlatforms) = preSolution
		Debug|Any CPU = Debug|Any CPU
		Release|Any CPU = Release|Any CPU
	EndGlobalSection
	GlobalSection(ProjectConfigurationPlatforms) = postSolution
		{FE4B8055-B852-4B8D-944C-66B4CD3BF139}.Debug|Any CPU.ActiveCfg = Debug|Any CPU
		{FE4B8055-B852-4B8D-944C-66B4CD3BF139}.Debug|Any CPU.Build.0 = Debug|Any CPU
		{FE4B8055-B852-4B8D-944C-66B4CD3BF139}.Release|Any CPU.ActiveCfg = Release|Any CPU
		{FE4B8055-B852-4B8D-944C-66B4CD3BF139}.Release|Any CPU.Build.0 = Release|Any CPU
		{56C46EDC-536B-45E5-BE88-0AA822C284CE}.Debug|Any CPU.ActiveCfg = Debug|Any CPU
		{56C46EDC-536B-45E5-BE88-0AA822C284CE}.Debug|Any CPU.Build.0 = Debug|Any CPU
		{56C46EDC-536B-45E5-BE88-0AA822C284CE}.Release|Any CPU.ActiveCfg = Release|Any CPU
		{56C46EDC-536B-45E5-BE88-0AA822C284CE}.Release|Any CPU.Build.0 = Release|Any CPU
		{B499E0BC-25C3-4FC0-916A-8A2EAB4DD00B}.Debug|Any CPU.ActiveCfg = Debug|Any CPU
		{B499E0BC-25C3-4FC0-916A-8A2EAB4DD00B}.Debug|Any CPU.Build.0 = Debug|Any CPU
		{B499E0BC-25C3-4FC0-916A-8A2EAB4DD00B}.Release|Any CPU.ActiveCfg = Release|Any CPU
		{B499E0BC-25C3-4FC0-916A-8A2EAB4DD00B}.Release|Any CPU.Build.0 = Release|Any CPU
	EndGlobalSection
	GlobalSection(SolutionProperties) = preSolution
		HideSolutionNode = FALSE
	EndGlobalSection
	GlobalSection(ExtensibilityGlobals) = postSolution
		SolutionGuid = {9B35AC09-8F36-4846-95F3-52B352456247}
	EndGlobalSection
EndGlobal
